
Microsoft Visual Studio Solution File, Format Version 12.00
# Visual Studio Version 17
VisualStudioVersion = 17.4.33213.308
MinimumVisualStudioVersion = 10.0.40219.1
Project("{FAE04EC0-301F-11D3-BF4B-00C04F79EFBC}") = "Projet2", "Projet2.csproj", "{107C06DA-9BA0-494D-8EA4-69CF794FA509}"
EndProject
Global
	GlobalSection(SolutionConfigurationPlatforms) = preSolution
		Debug|Any CPU = Debug|Any CPU
		Release|Any CPU = Release|Any CPU
	EndGlobalSection
	GlobalSection(ProjectConfigurationPlatforms) = postSolution
		{107C06DA-9BA0-494D-8EA4-69CF794FA509}.Debug|Any CPU.ActiveCfg = Debug|Any CPU
		{107C06DA-9BA0-494D-8EA4-69CF794FA509}.Debug|Any CPU.Build.0 = Debug|Any CPU
		{107C06DA-9BA0-494D-8EA4-69CF794FA509}.Release|Any CPU.ActiveCfg = Release|Any CPU
		{107C06DA-9BA0-494D-8EA4-69CF794FA509}.Release|Any CPU.Build.0 = Release|Any CPU
	EndGlobalSection
	GlobalSection(SolutionProperties) = preSolution
		HideSolutionNode = FALSE
	EndGlobalSection
	GlobalSection(ExtensibilityGlobals) = postSolution
		SolutionGuid = {DE65CE1D-53AC-4029-94F0-BEC1ADC6D70A}
	EndGlobalSection
EndGlobal
